
Microsoft Visual Studio Solution File, Format Version 12.00
# Visual Studio 15
VisualStudioVersion = 15.0.27130.2010
MinimumVisualStudioVersion = 10.0.40219.1
Project("{FAE04EC0-301F-11D3-BF4B-00C04F79EFBC}") = "Puppet3", "Puppet3.csproj", "{8F9B7FFF-EAA9-445E-9667-7300D4F61EA7}"
EndProject
Project("{54435603-DBB4-11D2-8724-00A0C9A8B90C}") = "Installer", "..\Installer\Installer.vdproj", "{7121B46D-330D-4AAC-9C45-307924BD8E00}"
EndProject
Global
	GlobalSection(SolutionConfigurationPlatforms) = preSolution
		Debug|Any CPU = Debug|Any CPU
		Release|Any CPU = Release|Any CPU
	EndGlobalSection
	GlobalSection(ProjectConfigurationPlatforms) = postSolution
		{8F9B7FFF-EAA9-445E-9667-7300D4F61EA7}.Debug|Any CPU.ActiveCfg = Debug|Any CPU
		{8F9B7FFF-EAA9-445E-9667-7300D4F61EA7}.Debug|Any CPU.Build.0 = Debug|Any CPU
		{8F9B7FFF-EAA9-445E-9667-7300D4F61EA7}.Release|Any CPU.ActiveCfg = Release|Any CPU
		{8F9B7FFF-EAA9-445E-9667-7300D4F61EA7}.Release|Any CPU.Build.0 = Release|Any CPU
		{7121B46D-330D-4AAC-9C45-307924BD8E00}.Debug|Any CPU.ActiveCfg = Debug
		{7121B46D-330D-4AAC-9C45-307924BD8E00}.Release|Any CPU.ActiveCfg = Release
		{7121B46D-330D-4AAC-9C45-307924BD8E00}.Release|Any CPU.Build.0 = Release
	EndGlobalSection
	GlobalSection(SolutionProperties) = preSolution
		HideSolutionNode = FALSE
	EndGlobalSection
	GlobalSection(ExtensibilityGlobals) = postSolution
		SolutionGuid = {772A6472-8B13-44D1-B44D-BF2B2AFB8E6E}
	EndGlobalSection
EndGlobal
